// !$*UTF8*$!
{
	archiveVersion = 1;
	classes = {
	};
	objectVersion = 46;
	objects = {

/* Begin PBXBuildFile section */
		7327259D1DFA648400EB5558 /* AppDelegate.swift in Sources */ = {isa = PBXBuildFile; fileRef = 7327259C1DFA648400EB5558 /* AppDelegate.swift */; };
		7327259F1DFA648400EB5558 /* ViewController.swift in Sources */ = {isa = PBXBuildFile; fileRef = 7327259E1DFA648400EB5558 /* ViewController.swift */; };
		732725A21DFA648400EB5558 /* Main.storyboard in Resources */ = {isa = PBXBuildFile; fileRef = 732725A01DFA648400EB5558 /* Main.storyboard */; };
		732725A41DFA648400EB5558 /* Assets.xcassets in Resources */ = {isa = PBXBuildFile; fileRef = 732725A31DFA648400EB5558 /* Assets.xcassets */; };
		732725A71DFA648400EB5558 /* LaunchScreen.storyboard in Resources */ = {isa = PBXBuildFile; fileRef = 732725A51DFA648400EB5558 /* LaunchScreen.storyboard */; };
/* End PBXBuildFile section */

/* Begin PBXFileReference section */
		732725991DFA648400EB5558 /* fingers.app */ = {isa = PBXFileReference; explicitFileType = wrapper.application; includeInIndex = 0; path = fingers.app; sourceTree = BUILT_PRODUCTS_DIR; };
		7327259C1DFA648400EB5558 /* AppDelegate.swift */ = {isa = PBXFileReference; lastKnownFileType = sourcecode.swift; path = AppDelegate.swift; sourceTree = "<group>"; };
		7327259E1DFA648400EB5558 /* ViewController.swift */ = {isa = PBXFileReference; lastKnownFileType = sourcecode.swift; path = ViewController.swift; sourceTree = "<group>"; };
		732725A11DFA648400EB5558 /* Base */ = {isa = PBXFileReference; lastKnownFileType = file.storyboard; name = Base; path = Base.lproj/Main.storyboard; sourceTree = "<group>"; };
		732725A31DFA648400EB5558 /* Assets.xcassets */ = {isa = PBXFileReference; lastKnownFileType = folder.assetcatalog; path = Assets.xcassets; sourceTree = "<group>"; };
		732725A61DFA648400EB5558 /* Base */ = {isa = PBXFileReference; lastKnownFileType = file.storyboard; name = Base; path = Base.lproj/LaunchScreen.storyboard; sourceTree = "<group>"; };
		732725A81DFA648400EB5558 /* Info.plist */ = {isa = PBXFileReference; lastKnownFileType = text.plist.xml; path = Info.plist; sourceTree = "<group>"; };
/* End PBXFileReference section */

/* Begin PBXFrameworksBuildPhase section */
		732725961DFA648400EB5558 /* Frameworks */ = {
			isa = PBXFrameworksBuildPhase;
			buildActionMask = 2147483647;
			files = (
			);
			runOnlyForDeploymentPostprocessing = 0;
		};
/* End PBXFrameworksBuildPhase section */

/* Begin PBXGroup section */
		732725901DFA648400EB5558 = {
			isa = PBXGroup;
			children = (
				7327259B1DFA648400EB5558 /* fingers */,
				7327259A1DFA648400EB5558 /* Products */,
			);
			sourceTree = "<group>";
		};
		7327259A1DFA648400EB5558 /* Products */ = {
			isa = PBXGroup;
			children = (
				732725991DFA648400EB5558 /* fingers.app */,
			);
			name = Products;
			sourceTree = "<group>";
		};
		7327259B1DFA648400EB5558 /* fingers */ = {
			isa = PBXGroup;
			children = (
				7327259C1DFA648400EB5558 /* AppDelegate.swift */,
				7327259E1DFA648400EB5558 /* ViewController.swift */,
				732725A01DFA648400EB5558 /* Main.storyboard */,
				732725A31DFA648400EB5558 /* Assets.xcassets */,
				732725A51DFA648400EB5558 /* LaunchScreen.storyboard */,
				732725A81DFA648400EB5558 /* Info.plist */,
			);
			path = fingers;
			sourceTree = "<group>";
		};
/* End PBXGroup section */

/* Begin PBXNativeTarget section */
		732725981DFA648400EB5558 /* fingers */ = {
			isa = PBXNativeTarget;
			buildConfigurationList = 732725AB1DFA648400EB5558 /* Build configuration list for PBXNativeTarget "fingers" */;
			buildPhases = (
				732725951DFA648400EB5558 /* Sources */,
				732725961DFA648400EB5558 /* Frameworks */,
				732725971DFA648400EB5558 /* Resources */,
			);
			buildRules = (
			);
			dependencies = (
			);
			name = fingers;
			productName = fingers;
			productReference = 732725991DFA648400EB5558 /* fingers.app */;
			productType = "com.apple.product-type.application";
		};
/* End PBXNativeTarget section */

/* Begin PBXProject section */
		732725911DFA648400EB5558 /* Project object */ = {
			isa = PBXProject;
			attributes = {
				LastSwiftUpdateCheck = 0810;
				LastUpgradeCheck = 0810;
				ORGANIZATIONNAME = "Erin Moon";
				TargetAttributes = {
					732725981DFA648400EB5558 = {
						CreatedOnToolsVersion = 8.1;
						ProvisioningStyle = Automatic;
					};
				};
			};
			buildConfigurationList = 732725941DFA648400EB5558 /* Build configuration list for PBXProject "fingers" */;
			compatibilityVersion = "Xcode 3.2";
			developmentRegion = English;
			hasScannedForEncodings = 0;
			knownRegions = (
				en,
				Base,
			);
			mainGroup = 732725901DFA648400EB5558;
			productRefGroup = 7327259A1DFA648400EB5558 /* Products */;
			projectDirPath = "";
			projectRoot = "";
			targets = (
				732725981DFA648400EB5558 /* fingers */,
			);
		};
/* End PBXProject section */

/* Begin PBXResourcesBuildPhase section */
		732725971DFA648400EB5558 /* Resources */ = {
			isa = PBXResourcesBuildPhase;
			buildActionMask = 2147483647;
			files = (
				732725A71DFA648400EB5558 /* LaunchScreen.storyboard in Resources */,
				732725A41DFA648400EB5558 /* Assets.xcassets in Resources */,
				732725A21DFA648400EB5558 /* Main.storyboard in Resources */,
			);
			runOnlyForDeploymentPostprocessing = 0;
		};
/* End PBXResourcesBuildPhase section */

/* Begin PBXSourcesBuildPhase section */
		732725951DFA648400EB5558 /* Sources */ = {
			isa = PBXSourcesBuildPhase;
			buildActionMask = 2147483647;
			files = (
				7327259F1DFA648400EB5558 /* ViewController.swift in Sources */,
				7327259D1DFA648400EB5558 /* AppDelegate.swift in Sources */,
			);
			runOnlyForDeploymentPostprocessing = 0;
		};
/* End PBXSourcesBuildPhase section */

/* Begin PBXVariantGroup section */
		732725A01DFA648400EB5558 /* Main.storyboard */ = {
			isa = PBXVariantGroup;
			children = (
				732725A11DFA648400EB5558 /* Base */,
			);
			name = Main.storyboard;
			sourceTree = "<group>";
		};
		732725A51DFA648400EB5558 /* LaunchScreen.storyboard */ = {
			isa = PBXVariantGroup;
			children = (
				732725A61DFA648400EB5558 /* Base */,
			);
			name = LaunchScreen.storyboard;
			sourceTree = "<group>";
		};
/* End PBXVariantGroup section */

/* Begin XCBuildConfiguration section */
		732725A91DFA648400EB5558 /* Debug */ = {
			isa = XCBuildConfiguration;
			buildSettings = {
				ALWAYS_SEARCH_USER_PATHS = NO;
				CLANG_ANALYZER_NONNULL = YES;
				CLANG_CXX_LANGUAGE_STANDARD = "gnu++0x";
				CLANG_CXX_LIBRARY = "libc++";
				CLANG_ENABLE_MODULES = YES;
				CLANG_ENABLE_OBJC_ARC = YES;
				CLANG_WARN_BOOL_CONVERSION = YES;
				CLANG_WARN_CONSTANT_CONVERSION = YES;
				CLANG_WARN_DIRECT_OBJC_ISA_USAGE = YES_ERROR;
				CLANG_WARN_DOCUMENTATION_COMMENTS = YES;
				CLANG_WARN_EMPTY_BODY = YES;
				CLANG_WARN_ENUM_CONVERSION = YES;
				CLANG_WARN_INFINITE_RECURSION = YES;
				CLANG_WARN_INT_CONVERSION = YES;
				CLANG_WARN_OBJC_ROOT_CLASS = YES_ERROR;
				CLANG_WARN_SUSPICIOUS_MOVES = YES;
				CLANG_WARN_UNREACHABLE_CODE = YES;
				CLANG_WARN__DUPLICATE_METHOD_MATCH = YES;
				"CODE_SIGN_IDENTITY[sdk=iphoneos*]" = "iPhone Developer";
				COPY_PHASE_STRIP = NO;
				DEBUG_INFORMATION_FORMAT = dwarf;
				ENABLE_STRICT_OBJC_MSGSEND = YES;
				ENABLE_TESTABILITY = YES;
				GCC_C_LANGUAGE_STANDARD = gnu99;
				GCC_DYNAMIC_NO_PIC = NO;
				GCC_NO_COMMON_BLOCKS = YES;
				GCC_OPTIMIZATION_LEVEL = 0;
				GCC_PREPROCESSOR_DEFINITIONS = (
					"DEBUG=1",
					"$(inherited)",
				);
				GCC_WARN_64_TO_32_BIT_CONVERSION = YES;
				GCC_WARN_ABOUT_RETURN_TYPE = YES_ERROR;
				GCC_WARN_UNDECLARED_SELECTOR = YES;
				GCC_WARN_UNINITIALIZED_AUTOS = YES_AGGRESSIVE;
				GCC_WARN_UNUSED_FUNCTION = YES;
				GCC_WARN_UNUSED_VARIABLE = YES;
				IPHONEOS_DEPLOYMENT_TARGET = 10.1;
				MTL_ENABLE_DEBUG_INFO = YES;
				ONLY_ACTIVE_ARCH = YES;
				SDKROOT = iphoneos;
				SWIFT_ACTIVE_COMPILATION_CONDITIONS = DEBUG;
				SWIFT_OPTIMIZATION_LEVEL = "-Onone";
			};
			name = Debug;
		};
		732725AA1DFA648400EB5558 /* Release */ = {
			isa = XCBuildConfiguration;
			buildSettings = {
				ALWAYS_SEARCH_USER_PATHS = NO;
				CLANG_ANALYZER_NONNULL = YES;
				CLANG_CXX_LANGUAGE_STANDARD = "gnu++0x";
				CLANG_CXX_LIBRARY = "libc++";
				CLANG_ENABLE_MODULES = YES;
				CLANG_ENABLE_OBJC_ARC = YES;
				CLANG_WARN_BOOL_CONVERSION = YES;
				CLANG_WARN_CONSTANT_CONVERSION = YES;
				CLANG_WARN_DIRECT_OBJC_ISA_USAGE = YES_ERROR;
				CLANG_WARN_DOCUMENTATION_COMMENTS = YES;
				CLANG_WARN_EMPTY_BODY = YES;
				CLANG_WARN_ENUM_CONVERSION = YES;
				CLANG_WARN_INFINITE_RECURSION = YES;
				CLANG_WARN_INT_CONVERSION = YES;
				CLANG_WARN_OBJC_ROOT_CLASS = YES_ERROR;
				CLANG_WARN_SUSPICIOUS_MOVES = YES;
				CLANG_WARN_UNREACHABLE_CODE = YES;
				CLANG_WARN__DUPLICATE_METHOD_MATCH = YES;
				"CODE_SIGN_IDENTITY[sdk=iphoneos*]" = "iPhone Developer";
				COPY_PHASE_STRIP = NO;
				DEBUG_INFORMATION_FORMAT = "dwarf-with-dsym";
				ENABLE_NS_ASSERTIONS = NO;
				ENABLE_STRICT_OBJC_MSGSEND = YES;
				GCC_C_LANGUAGE_STANDARD = gnu99;
				GCC_NO_COMMON_BLOCKS = YES;
				GCC_WARN_64_TO_32_BIT_CONVERSION = YES;
				GCC_WARN_ABOUT_RETURN_TYPE = YES_ERROR;
				GCC_WARN_UNDECLARED_SELECTOR = YES;
				GCC_WARN_UNINITIALIZED_AUTOS = YES_AGGRESSIVE;
				GCC_WARN_UNUSED_FUNCTION = YES;
				GCC_WARN_UNUSED_VARIABLE = YES;
				IPHONEOS_DEPLOYMENT_TARGET = 10.1;
				MTL_ENABLE_DEBUG_INFO = NO;
				SDKROOT = iphoneos;
				SWIFT_OPTIMIZATION_LEVEL = "-Owholemodule";
				VALIDATE_PRODUCT = YES;
			};
			name = Release;
		};
		732725AC1DFA648400EB5558 /* Debug */ = {
			isa = XCBuildConfiguration;
			buildSettings = {
				ASSETCATALOG_COMPILER_APPICON_NAME = AppIcon;
				INFOPLIST_FILE = fingers/Info.plist;
				LD_RUNPATH_SEARCH_PATHS = "$(inherited) @executable_path/Frameworks";
				PRODUCT_BUNDLE_IDENTIFIER = com.erinmoon.fingers;
				PRODUCT_NAME = "$(TARGET_NAME)";
				SWIFT_VERSION = 3.0;
			};
			name = Debug;
		};
		732725AD1DFA648400EB5558 /* Release */ = {
			isa = XCBuildConfiguration;
			buildSettings = {
				ASSETCATALOG_COMPILER_APPICON_NAME = AppIcon;
				INFOPLIST_FILE = fingers/Info.plist;
				LD_RUNPATH_SEARCH_PATHS = "$(inherited) @executable_path/Frameworks";
				PRODUCT_BUNDLE_IDENTIFIER = com.erinmoon.fingers;
				PRODUCT_NAME = "$(TARGET_NAME)";
				SWIFT_VERSION = 3.0;
			};
			name = Release;
		};
/* End XCBuildConfiguration section */

/* Begin XCConfigurationList section */
		732725941DFA648400EB5558 /* Build configuration list for PBXProject "fingers" */ = {
			isa = XCConfigurationList;
			buildConfigurations = (
				732725A91DFA648400EB5558 /* Debug */,
				732725AA1DFA648400EB5558 /* Release */,
			);
			defaultConfigurationIsVisible = 0;
			defaultConfigurationName = Release;
		};
		732725AB1DFA648400EB5558 /* Build configuration list for PBXNativeTarget "fingers" */ = {
			isa = XCConfigurationList;
			buildConfigurations = (
				732725AC1DFA648400EB5558 /* Debug */,
				732725AD1DFA648400EB5558 /* Release */,
			);
			defaultConfigurationIsVisible = 0;
		};
/* End XCConfigurationList section */
	};
	rootObject = 732725911DFA648400EB5558 /* Project object */;
}
